
Microsoft Visual Studio Solution File, Format Version 12.00
# Visual Studio Version 16
VisualStudioVersion = 16.0.29911.84
MinimumVisualStudioVersion = 10.0.40219.1
Project("{FAE04EC0-301F-11D3-BF4B-00C04F79EFBC}") = "граф. элементы", "граф. элементы\граф. элементы.csproj", "{334F6AC4-FE2B-4AAE-A2D1-390022122BD0}"
EndProject

